
Microsoft Visual Studio Solution File, Format Version 12.00
# Visual Studio Version 17
VisualStudioVersion = 17.9.34714.143
MinimumVisualStudioVersion = 10.0.40219.1
Project("{9A19103F-16F7-4668-BE54-9A1E7A4F7556}") = "Diagram", "Diagram\Diagram.csproj", "{AA6FE64B-FB79-4423-BB23-B5B9D37B5D5A}"
EndProject
Project("{2150E333-8FDC-42A3-9474-1A3956D46DE8}") = "Plugins", "Plugins", "{8BF2FA5D-F4FF-44B5-B46B-8414830515A4}"
EndProject
Project("{9A19103F-16F7-4668-BE54-9A1E7A4F7556}") = "EmptyPlugin", "Plugins\EmptyPlugin\EmptyPlugin.csproj", "{DC77E699-071E-47CF-9F44-A60CB67AC151}"
EndProject
Global
	GlobalSection(SolutionConfigurationPlatforms) = preSolution
		Debug|x64 = Debug|x64
		Release|x64 = Release|x64
	EndGlobalSection
	GlobalSection(ProjectConfigurationPlatforms) = postSolution
		{AA6FE64B-FB79-4423-BB23-B5B9D37B5D5A}.Debug|x64.ActiveCfg = Debug|x64
		{AA6FE64B-FB79-4423-BB23-B5B9D37B5D5A}.Debug|x64.Build.0 = Debug|x64
		{AA6FE64B-FB79-4423-BB23-B5B9D37B5D5A}.Release|x64.ActiveCfg = Release|x64
		{AA6FE64B-FB79-4423-BB23-B5B9D37B5D5A}.Release|x64.Build.0 = Release|x64
		{DC77E699-071E-47CF-9F44-A60CB67AC151}.Debug|x64.ActiveCfg = Debug|x64
		{DC77E699-071E-47CF-9F44-A60CB67AC151}.Debug|x64.Build.0 = Debug|x64
		{DC77E699-071E-47CF-9F44-A60CB67AC151}.Release|x64.ActiveCfg = Release|x64
		{DC77E699-071E-47CF-9F44-A60CB67AC151}.Release|x64.Build.0 = Release|x64
	EndGlobalSection
	GlobalSection(SolutionProperties) = preSolution
		HideSolutionNode = FALSE
	EndGlobalSection
	GlobalSection(NestedProjects) = preSolution
		{DC77E699-071E-47CF-9F44-A60CB67AC151} = {8BF2FA5D-F4FF-44B5-B46B-8414830515A4}
	EndGlobalSection
	GlobalSection(ExtensibilityGlobals) = postSolution
		SolutionGuid = {1EB7FCE0-F8A3-45BC-8659-4166FB892908}
	EndGlobalSection
EndGlobal
