
Microsoft Visual Studio Solution File, Format Version 12.00
# Visual Studio Version 17
VisualStudioVersion = 17.9.34714.143
MinimumVisualStudioVersion = 10.0.40219.1
Project("{9A19103F-16F7-4668-BE54-9A1E7A4F7556}") = "Diagram", "Diagram\Diagram.csproj", "{AA6FE64B-FB79-4423-BB23-B5B9D37B5D5A}"
EndProject
Project("{2150E333-8FDC-42A3-9474-1A3956D46DE8}") = "Plugins", "Plugins", "{8BF2FA5D-F4FF-44B5-B46B-8414830515A4}"
EndProject
Project("{9A19103F-16F7-4668-BE54-9A1E7A4F7556}") = "EmptyPlugin", "Plugins\EmptyPlugin\EmptyPlugin.csproj", "{DC77E699-071E-47CF-9F44-A60CB67AC151}"
EndProject
Project("{9A19103F-16F7-4668-BE54-9A1E7A4F7556}") = "CalcPlugin", "Plugins\CalcPlugin\CalcPlugin.csproj", "{9A47F2AB-49F5-45CF-9F7F-68639CA5A91B}"
EndProject
Project("{9A19103F-16F7-4668-BE54-9A1E7A4F7556}") = "CreateDiagramPlugin", "Plugins\CreateDiagramPlugin\CreateDiagramPlugin.csproj", "{B88828CE-D7B8-404E-AC14-05565CA7CAB7}"
EndProject
Project("{9A19103F-16F7-4668-BE54-9A1E7A4F7556}") = "CreateDirectoryPlugin", "Plugins\CreateDirectoryPlugin\CreateDirectoryPlugin.csproj", "{DB1C7893-1535-4191-B0BE-59AE50C6B2F0}"
EndProject
Project("{9A19103F-16F7-4668-BE54-9A1E7A4F7556}") = "FindUidPlugin", "Plugins\FindUidPlugin\FindUidPlugin.csproj", "{887A2D08-8664-4B6A-83BA-F3366BB7DD4A}"
EndProject
Project("{9A19103F-16F7-4668-BE54-9A1E7A4F7556}") = "FirstPlugin", "Plugins\FirstPlugin\FirstPlugin.csproj", "{B5F3892F-F290-439D-A5CD-AEF0161A1EAC}"
EndProject
Project("{9A19103F-16F7-4668-BE54-9A1E7A4F7556}") = "CScriptingPlugin", "Plugins\CScriptingPlugin\CScriptingPlugin.csproj", "{6A34E0CC-163D-463F-B06C-1080700F86D8}"
EndProject
Project("{9A19103F-16F7-4668-BE54-9A1E7A4F7556}") = "ScriptingPlugin", "Plugins\ScriptingPlugin\ScriptingPlugin.csproj", "{CA55F028-1C67-4BE0-BB15-B8F1DF4F8CDE}"
EndProject
Global
	GlobalSection(SolutionConfigurationPlatforms) = preSolution
		Debug|x64 = Debug|x64
		Release|x64 = Release|x64
	EndGlobalSection
	GlobalSection(ProjectConfigurationPlatforms) = postSolution
		{AA6FE64B-FB79-4423-BB23-B5B9D37B5D5A}.Debug|x64.ActiveCfg = Debug|x64
		{AA6FE64B-FB79-4423-BB23-B5B9D37B5D5A}.Debug|x64.Build.0 = Debug|x64
		{AA6FE64B-FB79-4423-BB23-B5B9D37B5D5A}.Release|x64.ActiveCfg = Release|x64
		{AA6FE64B-FB79-4423-BB23-B5B9D37B5D5A}.Release|x64.Build.0 = Release|x64
		{DC77E699-071E-47CF-9F44-A60CB67AC151}.Debug|x64.ActiveCfg = Debug|x64
		{DC77E699-071E-47CF-9F44-A60CB67AC151}.Debug|x64.Build.0 = Debug|x64
		{DC77E699-071E-47CF-9F44-A60CB67AC151}.Release|x64.ActiveCfg = Release|x64
		{DC77E699-071E-47CF-9F44-A60CB67AC151}.Release|x64.Build.0 = Release|x64
		{9A47F2AB-49F5-45CF-9F7F-68639CA5A91B}.Debug|x64.ActiveCfg = Debug|x64
		{9A47F2AB-49F5-45CF-9F7F-68639CA5A91B}.Debug|x64.Build.0 = Debug|x64
		{9A47F2AB-49F5-45CF-9F7F-68639CA5A91B}.Release|x64.ActiveCfg = Release|x64
		{9A47F2AB-49F5-45CF-9F7F-68639CA5A91B}.Release|x64.Build.0 = Release|x64
		{B88828CE-D7B8-404E-AC14-05565CA7CAB7}.Debug|x64.ActiveCfg = Debug|x64
		{B88828CE-D7B8-404E-AC14-05565CA7CAB7}.Debug|x64.Build.0 = Debug|x64
		{B88828CE-D7B8-404E-AC14-05565CA7CAB7}.Release|x64.ActiveCfg = Release|x64
		{B88828CE-D7B8-404E-AC14-05565CA7CAB7}.Release|x64.Build.0 = Release|x64
		{DB1C7893-1535-4191-B0BE-59AE50C6B2F0}.Debug|x64.ActiveCfg = Debug|x64
		{DB1C7893-1535-4191-B0BE-59AE50C6B2F0}.Debug|x64.Build.0 = Debug|x64
		{DB1C7893-1535-4191-B0BE-59AE50C6B2F0}.Release|x64.ActiveCfg = Release|x64
		{DB1C7893-1535-4191-B0BE-59AE50C6B2F0}.Release|x64.Build.0 = Release|x64
		{887A2D08-8664-4B6A-83BA-F3366BB7DD4A}.Debug|x64.ActiveCfg = Debug|x64
		{887A2D08-8664-4B6A-83BA-F3366BB7DD4A}.Debug|x64.Build.0 = Debug|x64
		{887A2D08-8664-4B6A-83BA-F3366BB7DD4A}.Release|x64.ActiveCfg = Release|x64
		{887A2D08-8664-4B6A-83BA-F3366BB7DD4A}.Release|x64.Build.0 = Release|x64
		{B5F3892F-F290-439D-A5CD-AEF0161A1EAC}.Debug|x64.ActiveCfg = Debug|x64
		{B5F3892F-F290-439D-A5CD-AEF0161A1EAC}.Debug|x64.Build.0 = Debug|x64
		{B5F3892F-F290-439D-A5CD-AEF0161A1EAC}.Release|x64.ActiveCfg = Release|x64
		{B5F3892F-F290-439D-A5CD-AEF0161A1EAC}.Release|x64.Build.0 = Release|x64
		{6A34E0CC-163D-463F-B06C-1080700F86D8}.Debug|x64.ActiveCfg = Debug|x64
		{6A34E0CC-163D-463F-B06C-1080700F86D8}.Debug|x64.Build.0 = Debug|x64
		{6A34E0CC-163D-463F-B06C-1080700F86D8}.Release|x64.ActiveCfg = Release|x64
		{6A34E0CC-163D-463F-B06C-1080700F86D8}.Release|x64.Build.0 = Release|x64
		{CA55F028-1C67-4BE0-BB15-B8F1DF4F8CDE}.Debug|x64.ActiveCfg = Debug|x64
		{CA55F028-1C67-4BE0-BB15-B8F1DF4F8CDE}.Debug|x64.Build.0 = Debug|x64
		{CA55F028-1C67-4BE0-BB15-B8F1DF4F8CDE}.Release|x64.ActiveCfg = Release|x64
		{CA55F028-1C67-4BE0-BB15-B8F1DF4F8CDE}.Release|x64.Build.0 = Release|x64
	EndGlobalSection
	GlobalSection(SolutionProperties) = preSolution
		HideSolutionNode = FALSE
	EndGlobalSection
	GlobalSection(NestedProjects) = preSolution
		{DC77E699-071E-47CF-9F44-A60CB67AC151} = {8BF2FA5D-F4FF-44B5-B46B-8414830515A4}
		{9A47F2AB-49F5-45CF-9F7F-68639CA5A91B} = {8BF2FA5D-F4FF-44B5-B46B-8414830515A4}
		{B88828CE-D7B8-404E-AC14-05565CA7CAB7} = {8BF2FA5D-F4FF-44B5-B46B-8414830515A4}
		{DB1C7893-1535-4191-B0BE-59AE50C6B2F0} = {8BF2FA5D-F4FF-44B5-B46B-8414830515A4}
		{887A2D08-8664-4B6A-83BA-F3366BB7DD4A} = {8BF2FA5D-F4FF-44B5-B46B-8414830515A4}
		{B5F3892F-F290-439D-A5CD-AEF0161A1EAC} = {8BF2FA5D-F4FF-44B5-B46B-8414830515A4}
		{6A34E0CC-163D-463F-B06C-1080700F86D8} = {8BF2FA5D-F4FF-44B5-B46B-8414830515A4}
		{CA55F028-1C67-4BE0-BB15-B8F1DF4F8CDE} = {8BF2FA5D-F4FF-44B5-B46B-8414830515A4}
	EndGlobalSection
	GlobalSection(ExtensibilityGlobals) = postSolution
		SolutionGuid = {1EB7FCE0-F8A3-45BC-8659-4166FB892908}
	EndGlobalSection
EndGlobal
